
Microsoft Visual Studio Solution File, Format Version 12.00
# Visual Studio Version 17
VisualStudioVersion = 17.4.33213.308
MinimumVisualStudioVersion = 10.0.40219.1
Project("{FAE04EC0-301F-11D3-BF4B-00C04F79EFBC}") = "Enums", "Enums\Enums.csproj", "{F636D000-9F36-44CD-8B36-561481129DAE}"
EndProject
Global
	GlobalSection(SolutionConfigurationPlatforms) = preSolution
		Debug|Any CPU = Debug|Any CPU
		Release|Any CPU = Release|Any CPU
	EndGlobalSection
	GlobalSection(ProjectConfigurationPlatforms) = postSolution
		{F636D000-9F36-44CD-8B36-561481129DAE}.Debug|Any CPU.ActiveCfg = Debug|Any CPU
		{F636D000-9F36-44CD-8B36-561481129DAE}.Debug|Any CPU.Build.0 = Debug|Any CPU
		{F636D000-9F36-44CD-8B36-561481129DAE}.Release|Any CPU.ActiveCfg = Release|Any CPU
		{F636D000-9F36-44CD-8B36-561481129DAE}.Release|Any CPU.Build.0 = Release|Any CPU
	EndGlobalSection
	GlobalSection(SolutionProperties) = preSolution
		HideSolutionNode = FALSE
	EndGlobalSection
	GlobalSection(ExtensibilityGlobals) = postSolution
		SolutionGuid = {202B98E7-ED76-42F6-A3C4-21EB0C27F70A}
	EndGlobalSection
EndGlobal
