
Microsoft Visual Studio Solution File, Format Version 12.00
# Visual Studio Version 17
VisualStudioVersion = 17.4.33213.308
MinimumVisualStudioVersion = 10.0.40219.1
Project("{FAE04EC0-301F-11D3-BF4B-00C04F79EFBC}") = "HelloWorld", "HelloWorld\HelloWorld.csproj", "{406A2CC7-E665-4CED-A88E-95EB2E4FACDE}"
EndProject
Global
	GlobalSection(SolutionConfigurationPlatforms) = preSolution
		Debug|Any CPU = Debug|Any CPU
		Release|Any CPU = Release|Any CPU
	EndGlobalSection
	GlobalSection(ProjectConfigurationPlatforms) = postSolution
		{406A2CC7-E665-4CED-A88E-95EB2E4FACDE}.Debug|Any CPU.ActiveCfg = Debug|Any CPU
		{406A2CC7-E665-4CED-A88E-95EB2E4FACDE}.Debug|Any CPU.Build.0 = Debug|Any CPU
		{406A2CC7-E665-4CED-A88E-95EB2E4FACDE}.Release|Any CPU.ActiveCfg = Release|Any CPU
		{406A2CC7-E665-4CED-A88E-95EB2E4FACDE}.Release|Any CPU.Build.0 = Release|Any CPU
	EndGlobalSection
	GlobalSection(SolutionProperties) = preSolution
		HideSolutionNode = FALSE
	EndGlobalSection
	GlobalSection(ExtensibilityGlobals) = postSolution
		SolutionGuid = {A6DBE35F-2459-4580-B773-CEDE23766FF6}
	EndGlobalSection
EndGlobal
